
Microsoft Visual Studio Solution File, Format Version 12.00
# Visual Studio Version 17
VisualStudioVersion = 17.11.35222.181
MinimumVisualStudioVersion = 10.0.40219.1
Project("{8BC9CEB8-8B4A-11D0-8D11-00A0C91BC942}") = "06 函数", "06 函数.vcxproj", "{0F795A6E-836F-4AA7-99FD-03317F506064}"
EndProject
Global
	GlobalSection(SolutionConfigurationPlatforms) = preSolution
		Debug|x64 = Debug|x64
		Debug|x86 = Debug|x86
		Release|x64 = Release|x64
		Release|x86 = Release|x86
	EndGlobalSection
	GlobalSection(ProjectConfigurationPlatforms) = postSolution
		{0F795A6E-836F-4AA7-99FD-03317F506064}.Debug|x64.ActiveCfg = Debug|x64
		{0F795A6E-836F-4AA7-99FD-03317F506064}.Debug|x64.Build.0 = Debug|x64
		{0F795A6E-836F-4AA7-99FD-03317F506064}.Debug|x86.ActiveCfg = Debug|Win32
		{0F795A6E-836F-4AA7-99FD-03317F506064}.Debug|x86.Build.0 = Debug|Win32
		{0F795A6E-836F-4AA7-99FD-03317F506064}.Release|x64.ActiveCfg = Release|x64
		{0F795A6E-836F-4AA7-99FD-03317F506064}.Release|x64.Build.0 = Release|x64
		{0F795A6E-836F-4AA7-99FD-03317F506064}.Release|x86.ActiveCfg = Release|Win32
		{0F795A6E-836F-4AA7-99FD-03317F506064}.Release|x86.Build.0 = Release|Win32
	EndGlobalSection
	GlobalSection(SolutionProperties) = preSolution
		HideSolutionNode = FALSE
	EndGlobalSection
	GlobalSection(ExtensibilityGlobals) = postSolution
		SolutionGuid = {1E196C4B-A58E-4037-AD59-AB8453431B4B}
	EndGlobalSection
EndGlobal
