
Microsoft Visual Studio Solution File, Format Version 12.00
# Visual Studio Version 17
VisualStudioVersion = 17.10.35027.167
MinimumVisualStudioVersion = 10.0.40219.1
Project("{8BC9CEB8-8B4A-11D0-8D11-00A0C91BC942}") = "05 数组", "05 数组.vcxproj", "{3D08A376-9EF6-4F8D-AE3D-9EC7330A30F4}"
EndProject
Global
	GlobalSection(SolutionConfigurationPlatforms) = preSolution
		Debug|x64 = Debug|x64
		Debug|x86 = Debug|x86
		Release|x64 = Release|x64
		Release|x86 = Release|x86
	EndGlobalSection
	GlobalSection(ProjectConfigurationPlatforms) = postSolution
		{3D08A376-9EF6-4F8D-AE3D-9EC7330A30F4}.Debug|x64.ActiveCfg = Debug|x64
		{3D08A376-9EF6-4F8D-AE3D-9EC7330A30F4}.Debug|x64.Build.0 = Debug|x64
		{3D08A376-9EF6-4F8D-AE3D-9EC7330A30F4}.Debug|x86.ActiveCfg = Debug|Win32
		{3D08A376-9EF6-4F8D-AE3D-9EC7330A30F4}.Debug|x86.Build.0 = Debug|Win32
		{3D08A376-9EF6-4F8D-AE3D-9EC7330A30F4}.Release|x64.ActiveCfg = Release|x64
		{3D08A376-9EF6-4F8D-AE3D-9EC7330A30F4}.Release|x64.Build.0 = Release|x64
		{3D08A376-9EF6-4F8D-AE3D-9EC7330A30F4}.Release|x86.ActiveCfg = Release|Win32
		{3D08A376-9EF6-4F8D-AE3D-9EC7330A30F4}.Release|x86.Build.0 = Release|Win32
	EndGlobalSection
	GlobalSection(SolutionProperties) = preSolution
		HideSolutionNode = FALSE
	EndGlobalSection
	GlobalSection(ExtensibilityGlobals) = postSolution
		SolutionGuid = {0864AFF8-E0C3-46E4-8E35-C19F29F0715E}
	EndGlobalSection
EndGlobal
